
Microsoft Visual Studio Solution File, Format Version 12.00
# Visual Studio 15
VisualStudioVersion = 15.0.26730.16
MinimumVisualStudioVersion = 10.0.40219.1
Project("{FAE04EC0-301F-11D3-BF4B-00C04F79EFBC}") = "App1.Android", "App1\App1.Android\App1.Android.csproj", "{954F1BAD-92C4-4CDB-BBAC-A044037785C2}"
EndProject
Project("{FAE04EC0-301F-11D3-BF4B-00C04F79EFBC}") = "App1", "App1\App1\App1.csproj", "{B8EE76CC-FE8B-453D-A355-8B566D87AFBA}"
EndProject
Project("{FAE04EC0-301F-11D3-BF4B-00C04F79EFBC}") = "App1.iOS", "App1\App1.iOS\App1.iOS.csproj", "{3CD1FC72-502F-4342-B91F-86A3C4F77955}"
EndProject
Global
	GlobalSection(SolutionConfigurationPlatforms) = preSolution
		Ad-Hoc|Any CPU = Ad-Hoc|Any CPU
		Ad-Hoc|iPhone = Ad-Hoc|iPhone
		Ad-Hoc|iPhoneSimulator = Ad-Hoc|iPhoneSimulator
		AppStore|Any CPU = AppStore|Any CPU
		AppStore|iPhone = AppStore|iPhone
		AppStore|iPhoneSimulator = AppStore|iPhoneSimulator
		Debug|Any CPU = Debug|Any CPU
		Debug|iPhone = Debug|iPhone
		Debug|iPhoneSimulator = Debug|iPhoneSimulator
		Release|Any CPU = Release|Any CPU
		Release|iPhone = Release|iPhone
		Release|iPhoneSimulator = Release|iPhoneSimulator
	EndGlobalSection
	GlobalSection(ProjectConfigurationPlatforms) = postSolution
		{954F1BAD-92C4-4CDB-BBAC-A044037785C2}.Ad-Hoc|Any CPU.ActiveCfg = Release|Any CPU
		{954F1BAD-92C4-4CDB-BBAC-A044037785C2}.Ad-Hoc|Any CPU.Build.0 = Release|Any CPU
		{954F1BAD-92C4-4CDB-BBAC-A044037785C2}.Ad-Hoc|Any CPU.Deploy.0 = Release|Any CPU
		{954F1BAD-92C4-4CDB-BBAC-A044037785C2}.Ad-Hoc|iPhone.ActiveCfg = Release|Any CPU
		{954F1BAD-92C4-4CDB-BBAC-A044037785C2}.Ad-Hoc|iPhone.Build.0 = Release|Any CPU
		{954F1BAD-92C4-4CDB-BBAC-A044037785C2}.Ad-Hoc|iPhone.Deploy.0 = Release|Any CPU
		{954F1BAD-92C4-4CDB-BBAC-A044037785C2}.Ad-Hoc|iPhoneSimulator.ActiveCfg = Release|Any CPU
		{954F1BAD-92C4-4CDB-BBAC-A044037785C2}.Ad-Hoc|iPhoneSimulator.Build.0 = Release|Any CPU
		{954F1BAD-92C4-4CDB-BBAC-A044037785C2}.Ad-Hoc|iPhoneSimulator.Deploy.0 = Release|Any CPU
		{954F1BAD-92C4-4CDB-BBAC-A044037785C2}.AppStore|Any CPU.ActiveCfg = Release|Any CPU
		{954F1BAD-92C4-4CDB-BBAC-A044037785C2}.AppStore|Any CPU.Build.0 = Release|Any CPU
		{954F1BAD-92C4-4CDB-BBAC-A044037785C2}.AppStore|Any CPU.Deploy.0 = Release|Any CPU
		{954F1BAD-92C4-4CDB-BBAC-A044037785C2}.AppStore|iPhone.ActiveCfg = Release|Any CPU
		{954F1BAD-92C4-4CDB-BBAC-A044037785C2}.AppStore|iPhone.Build.0 = Release|Any CPU
		{954F1BAD-92C4-4CDB-BBAC-A044037785C2}.AppStore|iPhone.Deploy.0 = Release|Any CPU
		{954F1BAD-92C4-4CDB-BBAC-A044037785C2}.AppStore|iPhoneSimulator.ActiveCfg = Release|Any CPU
		{954F1BAD-92C4-4CDB-BBAC-A044037785C2}.AppStore|iPhoneSimulator.Build.0 = Release|Any CPU
		{954F1BAD-92C4-4CDB-BBAC-A044037785C2}.AppStore|iPhoneSimulator.Deploy.0 = Release|Any CPU
		{954F1BAD-92C4-4CDB-BBAC-A044037785C2}.Debug|Any CPU.ActiveCfg = Debug|Any CPU
		{954F1BAD-92C4-4CDB-BBAC-A044037785C2}.Debug|Any CPU.Build.0 = Debug|Any CPU
		{954F1BAD-92C4-4CDB-BBAC-A044037785C2}.Debug|Any CPU.Deploy.0 = Debug|Any CPU
		{954F1BAD-92C4-4CDB-BBAC-A044037785C2}.Debug|iPhone.ActiveCfg = Debug|Any CPU
		{954F1BAD-92C4-4CDB-BBAC-A044037785C2}.Debug|iPhone.Build.0 = Debug|Any CPU
		{954F1BAD-92C4-4CDB-BBAC-A044037785C2}.Debug|iPhone.Deploy.0 = Debug|Any CPU
		{954F1BAD-92C4-4CDB-BBAC-A044037785C2}.Debug|iPhoneSimulator.ActiveCfg = Debug|Any CPU
		{954F1BAD-92C4-4CDB-BBAC-A044037785C2}.Debug|iPhoneSimulator.Build.0 = Debug|Any CPU
		{954F1BAD-92C4-4CDB-BBAC-A044037785C2}.Debug|iPhoneSimulator.Deploy.0 = Debug|Any CPU
		{954F1BAD-92C4-4CDB-BBAC-A044037785C2}.Release|Any CPU.ActiveCfg = Release|Any CPU
		{954F1BAD-92C4-4CDB-BBAC-A044037785C2}.Release|Any CPU.Build.0 = Release|Any CPU
		{954F1BAD-92C4-4CDB-BBAC-A044037785C2}.Release|Any CPU.Deploy.0 = Release|Any CPU
		{954F1BAD-92C4-4CDB-BBAC-A044037785C2}.Release|iPhone.ActiveCfg = Release|Any CPU
		{954F1BAD-92C4-4CDB-BBAC-A044037785C2}.Release|iPhone.Build.0 = Release|Any CPU
		{954F1BAD-92C4-4CDB-BBAC-A044037785C2}.Release|iPhone.Deploy.0 = Release|Any CPU
		{954F1BAD-92C4-4CDB-BBAC-A044037785C2}.Release|iPhoneSimulator.ActiveCfg = Release|Any CPU
		{954F1BAD-92C4-4CDB-BBAC-A044037785C2}.Release|iPhoneSimulator.Build.0 = Release|Any CPU
		{954F1BAD-92C4-4CDB-BBAC-A044037785C2}.Release|iPhoneSimulator.Deploy.0 = Release|Any CPU
		{B8EE76CC-FE8B-453D-A355-8B566D87AFBA}.Ad-Hoc|Any CPU.ActiveCfg = Release|Any CPU
		{B8EE76CC-FE8B-453D-A355-8B566D87AFBA}.Ad-Hoc|Any CPU.Build.0 = Release|Any CPU
		{B8EE76CC-FE8B-453D-A355-8B566D87AFBA}.Ad-Hoc|iPhone.ActiveCfg = Release|Any CPU
		{B8EE76CC-FE8B-453D-A355-8B566D87AFBA}.Ad-Hoc|iPhone.Build.0 = Release|Any CPU
		{B8EE76CC-FE8B-453D-A355-8B566D87AFBA}.Ad-Hoc|iPhoneSimulator.ActiveCfg = Release|Any CPU
		{B8EE76CC-FE8B-453D-A355-8B566D87AFBA}.Ad-Hoc|iPhoneSimulator.Build.0 = Release|Any CPU
		{B8EE76CC-FE8B-453D-A355-8B566D87AFBA}.AppStore|Any CPU.ActiveCfg = Release|Any CPU
		{B8EE76CC-FE8B-453D-A355-8B566D87AFBA}.AppStore|Any CPU.Build.0 = Release|Any CPU
		{B8EE76CC-FE8B-453D-A355-8B566D87AFBA}.AppStore|iPhone.ActiveCfg = Release|Any CPU
		{B8EE76CC-FE8B-453D-A355-8B566D87AFBA}.AppStore|iPhone.Build.0 = Release|Any CPU
		{B8EE76CC-FE8B-453D-A355-8B566D87AFBA}.AppStore|iPhoneSimulator.ActiveCfg = Release|Any CPU
		{B8EE76CC-FE8B-453D-A355-8B566D87AFBA}.AppStore|iPhoneSimulator.Build.0 = Release|Any CPU
		{B8EE76CC-FE8B-453D-A355-8B566D87AFBA}.Debug|Any CPU.ActiveCfg = Debug|Any CPU
		{B8EE76CC-FE8B-453D-A355-8B566D87AFBA}.Debug|Any CPU.Build.0 = Debug|Any CPU
		{B8EE76CC-FE8B-453D-A355-8B566D87AFBA}.Debug|iPhone.ActiveCfg = Debug|Any CPU
		{B8EE76CC-FE8B-453D-A355-8B566D87AFBA}.Debug|iPhone.Build.0 = Debug|Any CPU
		{B8EE76CC-FE8B-453D-A355-8B566D87AFBA}.Debug|iPhoneSimulator.ActiveCfg = Debug|Any CPU
		{B8EE76CC-FE8B-453D-A355-8B566D87AFBA}.Debug|iPhoneSimulator.Build.0 = Debug|Any CPU
		{B8EE76CC-FE8B-453D-A355-8B566D87AFBA}.Release|Any CPU.ActiveCfg = Release|Any CPU
		{B8EE76CC-FE8B-453D-A355-8B566D87AFBA}.Release|Any CPU.Build.0 = Release|Any CPU
		{B8EE76CC-FE8B-453D-A355-8B566D87AFBA}.Release|iPhone.ActiveCfg = Release|Any CPU
		{B8EE76CC-FE8B-453D-A355-8B566D87AFBA}.Release|iPhone.Build.0 = Release|Any CPU
		{B8EE76CC-FE8B-453D-A355-8B566D87AFBA}.Release|iPhoneSimulator.ActiveCfg = Release|Any CPU
		{B8EE76CC-FE8B-453D-A355-8B566D87AFBA}.Release|iPhoneSimulator.Build.0 = Release|Any CPU
		{3CD1FC72-502F-4342-B91F-86A3C4F77955}.Ad-Hoc|Any CPU.ActiveCfg = Ad-Hoc|iPhone
		{3CD1FC72-502F-4342-B91F-86A3C4F77955}.Ad-Hoc|iPhone.ActiveCfg = Ad-Hoc|iPhone
		{3CD1FC72-502F-4342-B91F-86A3C4F77955}.Ad-Hoc|iPhone.Build.0 = Ad-Hoc|iPhone
		{3CD1FC72-502F-4342-B91F-86A3C4F77955}.Ad-Hoc|iPhoneSimulator.ActiveCfg = Ad-Hoc|iPhoneSimulator
		{3CD1FC72-502F-4342-B91F-86A3C4F77955}.Ad-Hoc|iPhoneSimulator.Build.0 = Ad-Hoc|iPhoneSimulator
		{3CD1FC72-502F-4342-B91F-86A3C4F77955}.AppStore|Any CPU.ActiveCfg = AppStore|iPhone
		{3CD1FC72-502F-4342-B91F-86A3C4F77955}.AppStore|iPhone.ActiveCfg = AppStore|iPhone
		{3CD1FC72-502F-4342-B91F-86A3C4F77955}.AppStore|iPhone.Build.0 = AppStore|iPhone
		{3CD1FC72-502F-4342-B91F-86A3C4F77955}.AppStore|iPhoneSimulator.ActiveCfg = AppStore|iPhoneSimulator
		{3CD1FC72-502F-4342-B91F-86A3C4F77955}.AppStore|iPhoneSimulator.Build.0 = AppStore|iPhoneSimulator
		{3CD1FC72-502F-4342-B91F-86A3C4F77955}.Debug|Any CPU.ActiveCfg = Debug|iPhone
		{3CD1FC72-502F-4342-B91F-86A3C4F77955}.Debug|iPhone.ActiveCfg = Debug|iPhone
		{3CD1FC72-502F-4342-B91F-86A3C4F77955}.Debug|iPhone.Build.0 = Debug|iPhone
		{3CD1FC72-502F-4342-B91F-86A3C4F77955}.Debug|iPhoneSimulator.ActiveCfg = Debug|iPhoneSimulator
		{3CD1FC72-502F-4342-B91F-86A3C4F77955}.Debug|iPhoneSimulator.Build.0 = Debug|iPhoneSimulator
		{3CD1FC72-502F-4342-B91F-86A3C4F77955}.Release|Any CPU.ActiveCfg = Release|iPhone
		{3CD1FC72-502F-4342-B91F-86A3C4F77955}.Release|iPhone.ActiveCfg = Release|iPhone
		{3CD1FC72-502F-4342-B91F-86A3C4F77955}.Release|iPhone.Build.0 = Release|iPhone
		{3CD1FC72-502F-4342-B91F-86A3C4F77955}.Release|iPhoneSimulator.ActiveCfg = Release|iPhoneSimulator
		{3CD1FC72-502F-4342-B91F-86A3C4F77955}.Release|iPhoneSimulator.Build.0 = Release|iPhoneSimulator
	EndGlobalSection
	GlobalSection(SolutionProperties) = preSolution
		HideSolutionNode = FALSE
	EndGlobalSection
	GlobalSection(ExtensibilityGlobals) = postSolution
		SolutionGuid = {39D937F5-6FAF-4974-9762-6A40BFAC21D7}
	EndGlobalSection
EndGlobal
